dependencies:
- name: insight-gateway
  repository: file://../../src/backend/services/gateway/helm
  version: 0.1.0
- name: insight-authenticator
  repository: file://../../src/backend/services/authenticator/helm
  version: 0.1.0
- name: insight-keycloak
  repository: file://../../src/backend/services/keycloak/helm
  version: 0.1.0
- name: insight-analytics
  repository: file://../../src/backend/services/analytics/helm
  version: 0.3.0
- name: insight-identity-resolution
  repository: file://../../src/backend/services/identity-resolution/helm
  version: 0.2.0
- name: insight-git-cli-proxy
  repository: file://../../src/backend/services/git-cli-proxy/helm
  version: 0.1.0
- name: insight-frontend
  repository: file://../../src/frontend/helm
  version: 0.1.0
digest: sha256:05a8cc9752a77019e4f68b7eb0593cf44b1fef581b48c822a8582abd616fe68e
generated: "2026-08-26T00:18:21.731491+08:00"
